// !$*UTF8*$!
{
	archiveVersion = 1;
	classes = {
	};
	objectVersion = 77;
	objects = {

/* Begin PBXBuildFile section */
		02D70E19D7CBF1D7FF1D4E67 /* MainTabView.swift in Sources */ = {isa = PBXBuildFile; fileRef = A7CBF37C288A07CEFE86CAB6 /* MainTabView.swift */; };
		099937A8B2D547E8D077900B /* AquaLogWidgets.swift in Sources */ = {isa = PBXBuildFile; fileRef = 776D47DCA004DDAF02CAB8B6 /* AquaLogWidgets.swift */; };
		09C50544F4C0314E18C9DCDD /* Date+Helpers.swift in Sources */ = {isa = PBXBuildFile; fileRef = 34CC066C5ACA2DCFD6511793 /* Date+Helpers.swift */; };
		09D8A47FA91A374E1E2152C6 /* ControlCenterWidget.swift in Sources */ = {isa = PBXBuildFile; fileRef = FD13ED4B4E8968E93EBF6720 /* ControlCenterWidget.swift */; };
		12D4E88F43340184FAEEEE56 /* WatchComplication.swift in Sources */ = {isa = PBXBuildFile; fileRef = A13DD13E3D44AD5289BBACB4 /* WatchComplication.swift */; };
		13F9A65F04F12AF05C529637 /* AquaLogTests.swift in Sources */ = {isa = PBXBuildFile; fileRef = 566C80672CD8B36E56731151 /* AquaLogTests.swift */; };
		151349D47D4907B5F9E4AA1C /* HealthKitManager.swift in Sources */ = {isa = PBXBuildFile; fileRef = 4F606B5C4053BE85EE9ACBDF /* HealthKitManager.swift */; };
		17C59D42EC0157AF6C606C3B /* AlcoholCalculator.swift in Sources */ = {isa = PBXBuildFile; fileRef = E92CA513C5C1672EBE49275E /* AlcoholCalculator.swift */; };
		17DD844AAFC074CEE60CB2BC /* HydrationCalculator.swift in Sources */ = {isa = PBXBuildFile; fileRef = FC69A2C29B6721F35DE99E64 /* HydrationCalculator.swift */; };
		1852E109B7F32B3899CFAAD7 /* LiveActivityManager.swift in Sources */ = {isa = PBXBuildFile; fileRef = 0EA2CB2E42A4931E328E9C59 /* LiveActivityManager.swift */; };
		19A6864A211B897C731D93E8 /* BeverageType.swift in Sources */ = {isa = PBXBuildFile; fileRef = E4255F75E3F253988A61C89E /* BeverageType.swift */; };
		1D5B4E548A38C0B0364901ED /* AppIntents.swift in Sources */ = {isa = PBXBuildFile; fileRef = 73C2801A5264314FE9618484 /* AppIntents.swift */; };
		1E57BADB2CDE12159C1B3BE3 /* HydrationActivityAttributes.swift in Sources */ = {isa = PBXBuildFile; fileRef = 05C080F5B7C740BCDD10D237 /* HydrationActivityAttributes.swift */; };
		2A5D019B2181BA08368C9CA7 /* BodyReportView.swift in Sources */ = {isa = PBXBuildFile; fileRef = A1FC279B3A991685AACEA9FC /* BodyReportView.swift */; };
		324B2CF77A9B770EC99190DF /* WaterLog.swift in Sources */ = {isa = PBXBuildFile; fileRef = EB560F03BACD80C0D809C2F5 /* WaterLog.swift */; };
		33A1C6CAEEED7B8823F4C2AE /* DashboardViewModel.swift in Sources */ = {isa = PBXBuildFile; fileRef = 0D43B5A690DCD6FA0335EE4C /* DashboardViewModel.swift */; };
		37E88C921C3550581C4BB53B /* AlcoholImpactView.swift in Sources */ = {isa = PBXBuildFile; fileRef = EB46BA57C7E705C54DBC6C4B /* AlcoholImpactView.swift */; };
		3B67898E3F9432F792ECCC40 /* WidgetIntents.swift in Sources */ = {isa = PBXBuildFile; fileRef = 453C45936C4E0A189C47D459 /* WidgetIntents.swift */; };
		458E4C86FA7A5CF87814CD78 /* WorkoutDetector.swift in Sources */ = {isa = PBXBuildFile; fileRef = D3F87397EA7062D4D54C48A6 /* WorkoutDetector.swift */; };
		47A49858B38166CB9A38811C /* WatchDashboardView.swift in Sources */ = {isa = PBXBuildFile; fileRef = D89AE663BF55FEDA930C61E5 /* WatchDashboardView.swift */; };
		4C30CEF5AA2B58D898211286 /* StoreManager.swift in Sources */ = {isa = PBXBuildFile; fileRef = 6D35D47EE9AC85F5D5168902 /* StoreManager.swift */; };
		4F8136DA6E8F604794B1CBDF /* DashboardView.swift in Sources */ = {isa = PBXBuildFile; fileRef = DF3D8719588488E415990128 /* DashboardView.swift */; };
		51231938EC2092C8BA8BE552 /* WatchDashboardView.swift in Sources */ = {isa = PBXBuildFile; fileRef = D89AE663BF55FEDA930C61E5 /* WatchDashboardView.swift */; };
		5A8C3EAA5EA77601AB0A6136 /* SmartOnboardingView.swift in Sources */ = {isa = PBXBuildFile; fileRef = D1179426186CE2FE5744BD19 /* SmartOnboardingView.swift */; };
		61F5AE38388C36025589A732 /* Sentry in Frameworks */ = {isa = PBXBuildFile; productRef = E2507ED1F4816055FD2C73AC /* Sentry */; };
		69C069891D05A9D355E37E15 /* ContentView.swift in Sources */ = {isa = PBXBuildFile; fileRef = F58DA8F7DA6A3F47C400A399 /* ContentView.swift */; };
		6ED7CD5021051E030CFA1F15 /* SmartNotificationManager.swift in Sources */ = {isa = PBXBuildFile; fileRef = 008F689B1E1D75A79245C916 /* SmartNotificationManager.swift */; };
		711B82AECE5F4DB82F2430B1 /* ProgressRingView.swift in Sources */ = {isa = PBXBuildFile; fileRef = 6D436E2130DF078426BA524E /* ProgressRingView.swift */; };
		8570A3BE6C5C285F7350463C /* AquaLogProducts.storekit in Resources */ = {isa = PBXBuildFile; fileRef = 81E6E0EBD29FB0EB8F728B43 /* AquaLogProducts.storekit */; };
		89E1D4E1A17425202A16C2E0 /* AquaLogWatchApp.swift in Sources */ = {isa = PBXBuildFile; fileRef = 89E871455B238DD89D959FB0 /* AquaLogWatchApp.swift */; };
		8C497653BB4A35555C94DF06 /* PaywallView.swift in Sources */ = {isa = PBXBuildFile; fileRef = C25C5DB9F1469909C0CC79A5 /* PaywallView.swift */; };
		8E1650F20169ACFDE2F9A519 /* HydrationActivityAttributes.swift in Sources */ = {isa = PBXBuildFile; fileRef = 05C080F5B7C740BCDD10D237 /* HydrationActivityAttributes.swift */; };
		95AE59D96E1596E0496626BC /* HistoryView.swift in Sources */ = {isa = PBXBuildFile; fileRef = DCFA46516E0E58240863BB78 /* HistoryView.swift */; };
		A20A7EA73F2A87FCC88458A7 /* HealthTimelineView.swift in Sources */ = {isa = PBXBuildFile; fileRef = 6DFE49686C08CBAC42D9B8FF /* HealthTimelineView.swift */; };
		A56275120CB1F3D357D3CE63 /* AddDrinkSheet.swift in Sources */ = {isa = PBXBuildFile; fileRef = FAE36AFEACCB4338C3660E56 /* AddDrinkSheet.swift */; };
		AE3DCCA12E93A273AEEF965C /* Int+Volume.swift in Sources */ = {isa = PBXBuildFile; fileRef = 52F8EEC484713383D827CB9B /* Int+Volume.swift */; };
		B58E8307B2F7076A1833C30E /* CaffeineTracker.swift in Sources */ = {isa = PBXBuildFile; fileRef = B3668D5CDDB24B7E4F7CAA1E /* CaffeineTracker.swift */; };
		BACB06F9009862BD026844CA /* AquaLogWidgets.appex in Embed Foundation Extensions */ = {isa = PBXBuildFile; fileRef = 25C596B7FBB19FC597F404B9 /* AquaLogWidgets.appex */; settings = {ATTRIBUTES = (RemoveHeadersOnCopy, ); }; };
		BC575D1F8E7FA919A39907B8 /* NotificationManager.swift in Sources */ = {isa = PBXBuildFile; fileRef = 90670B485D1CBAFED402F220 /* NotificationManager.swift */; };
		BC836DB20A4CF11ADDED039A /* NutrientDatabase.swift in Sources */ = {isa = PBXBuildFile; fileRef = B3C38BFFDF4D6E0D32531805 /* NutrientDatabase.swift */; };
		C0A6205BC8DE649EA0668DA0 /* HealthInsightsGenerator.swift in Sources */ = {isa = PBXBuildFile; fileRef = 37AC61E8C4A6CE6B2F312BDE /* HealthInsightsGenerator.swift */; };
		C30E67E673AA3AFF1FB150EF /* Assets.xcassets in Resources */ = {isa = PBXBuildFile; fileRef = 68BA50280346C28A7CA214CE /* Assets.xcassets */; };
		CDFCDA812C27E02EA7245535 /* RevenueCat in Frameworks */ = {isa = PBXBuildFile; productRef = 41F042F8C78110904EF0BA1B /* RevenueCat */; };
		D41271D63EFD7F7B62CF3942 /* LiveActivityView.swift in Sources */ = {isa = PBXBuildFile; fileRef = D0F48461C5B4006CD68A22CA /* LiveActivityView.swift */; };
		D654C276BCE1149A5570DB84 /* LocationManager.swift in Sources */ = {isa = PBXBuildFile; fileRef = C76A5A52BFCE4ABA0B80F7FD /* LocationManager.swift */; };
		D9BA1DB62AF091A3256A47AA /* AquaLogApp.swift in Sources */ = {isa = PBXBuildFile; fileRef = 65E6A9BF1FAB3402A4B13A03 /* AquaLogApp.swift */; };
		DB51FC741D5EAADB17154DD8 /* CaffeineChartView.swift in Sources */ = {isa = PBXBuildFile; fileRef = 9D4BDBE5B71A50C55452C6AB /* CaffeineChartView.swift */; };
		EEAD80BE5A296C5C3C41B365 /* UserSettings.swift in Sources */ = {isa = PBXBuildFile; fileRef = 0330CD27B4E0CBDD5F7AEC1E /* UserSettings.swift */; };
		FC3D16B9667CCF6E28D71751 /* SettingsView.swift in Sources */ = {isa = PBXBuildFile; fileRef = 1B636CACFD6ED38AEA545DDF /* SettingsView.swift */; };
/* End PBXBuildFile section */

/* Begin PBXContainerItemProxy section */
		2BE60DF453D8974C175DAA28 /* PBXContainerItemProxy */ = {
			isa = PBXContainerItemProxy;
			containerPortal = F709EF9571E18A0ADD33BA96 /* Project object */;
			proxyType = 1;
			remoteGlobalIDString = 41699D7A276B06919BBFF27F;
			remoteInfo = AquaLog;
		};
		CEB26B783E055F314C14D088 /* PBXContainerItemProxy */ = {
			isa = PBXContainerItemProxy;
			containerPortal = F709EF9571E18A0ADD33BA96 /* Project object */;
			proxyType = 1;
			remoteGlobalIDString = 7387F523ED3936426CC2EE7B;
			remoteInfo = AquaLogWidgets;
		};
/* End PBXContainerItemProxy section */

/* Begin PBXCopyFilesBuildPhase section */
		D7F857F935619B6D844BC7A4 /* Embed Foundation Extensions */ = {
			isa = PBXCopyFilesBuildPhase;
			buildActionMask = 2147483647;
			dstPath = "";
			dstSubfolderSpec = 13;
			files = (
				BACB06F9009862BD026844CA /* AquaLogWidgets.appex in Embed Foundation Extensions */,
			);
			name = "Embed Foundation Extensions";
			runOnlyForDeploymentPostprocessing = 0;
		};
/* End PBXCopyFilesBuildPhase section */

/* Begin PBXFileReference section */
		008F689B1E1D75A79245C916 /* SmartNotificationManager.swift */ = {isa = PBXFileReference; lastKnownFileType = sourcecode.swift; path = SmartNotificationManager.swift; sourceTree = "<group>"; };
		0330CD27B4E0CBDD5F7AEC1E /* UserSettings.swift */ = {isa = PBXFileReference; lastKnownFileType = sourcecode.swift; path = UserSettings.swift; sourceTree = "<group>"; };
		0423D4B89D58246292F7E910 /* AquaLogTests.xctest */ = {isa = PBXFileReference; includeInIndex = 0; lastKnownFileType = wrapper.cfbundle; path = AquaLogTests.xctest; sourceTree = BUILT_PRODUCTS_DIR; };
		05C080F5B7C740BCDD10D237 /* HydrationActivityAttributes.swift */ = {isa = PBXFileReference; lastKnownFileType = sourcecode.swift; path = HydrationActivityAttributes.swift; sourceTree = "<group>"; };
		0D230203E43212733027A501 /* AquaLogWatch.entitlements */ = {isa = PBXFileReference; lastKnownFileType = text.plist.entitlements; path = AquaLogWatch.entitlements; sourceTree = "<group>"; };
		0D43B5A690DCD6FA0335EE4C /* DashboardViewModel.swift */ = {isa = PBXFileReference; lastKnownFileType = sourcecode.swift; path = DashboardViewModel.swift; sourceTree = "<group>"; };
		0EA2CB2E42A4931E328E9C59 /* LiveActivityManager.swift */ = {isa = PBXFileReference; lastKnownFileType = sourcecode.swift; path = LiveActivityManager.swift; sourceTree = "<group>"; };
		1B636CACFD6ED38AEA545DDF /* SettingsView.swift */ = {isa = PBXFileReference; lastKnownFileType = sourcecode.swift; path = SettingsView.swift; sourceTree = "<group>"; };
		25C596B7FBB19FC597F404B9 /* AquaLogWidgets.appex */ = {isa = PBXFileReference; includeInIndex = 0; lastKnownFileType = "wrapper.app-extension"; path = AquaLogWidgets.appex; sourceTree = BUILT_PRODUCTS_DIR; };
		29C1887140D0E0965FE40FAE /* AquaLog.entitlements */ = {isa = PBXFileReference; lastKnownFileType = text.plist.entitlements; path = AquaLog.entitlements; sourceTree = "<group>"; };
		2BC86B8BEE919810B3709BB4 /* AquaLogWatchWidgets.appex */ = {isa = PBXFileReference; explicitFileType = "wrapper.app-extension"; includeInIndex = 0; path = AquaLogWatchWidgets.appex; sourceTree = BUILT_PRODUCTS_DIR; };
		34CC066C5ACA2DCFD6511793 /* Date+Helpers.swift */ = {isa = PBXFileReference; lastKnownFileType = sourcecode.swift; path = "Date+Helpers.swift"; sourceTree = "<group>"; };
		37AC61E8C4A6CE6B2F312BDE /* HealthInsightsGenerator.swift */ = {isa = PBXFileReference; lastKnownFileType = sourcecode.swift; path = HealthInsightsGenerator.swift; sourceTree = "<group>"; };
		453C45936C4E0A189C47D459 /* WidgetIntents.swift */ = {isa = PBXFileReference; lastKnownFileType = sourcecode.swift; path = WidgetIntents.swift; sourceTree = "<group>"; };
		4F606B5C4053BE85EE9ACBDF /* HealthKitManager.swift */ = {isa = PBXFileReference; lastKnownFileType = sourcecode.swift; path = HealthKitManager.swift; sourceTree = "<group>"; };
		52F8EEC484713383D827CB9B /* Int+Volume.swift */ = {isa = PBXFileReference; lastKnownFileType = sourcecode.swift; path = "Int+Volume.swift"; sourceTree = "<group>"; };
		54AA9C6C77D0D2564744D580 /* AquaLogWatch.app */ = {isa = PBXFileReference; explicitFileType = wrapper.application; includeInIndex = 0; path = AquaLogWatch.app; sourceTree = BUILT_PRODUCTS_DIR; };
		566C80672CD8B36E56731151 /* AquaLogTests.swift */ = {isa = PBXFileReference; lastKnownFileType = sourcecode.swift; path = AquaLogTests.swift; sourceTree = "<group>"; };
		65E6A9BF1FAB3402A4B13A03 /* AquaLogApp.swift */ = {isa = PBXFileReference; lastKnownFileType = sourcecode.swift; path = AquaLogApp.swift; sourceTree = "<group>"; };
		68BA50280346C28A7CA214CE /* Assets.xcassets */ = {isa = PBXFileReference; lastKnownFileType = folder.assetcatalog; path = Assets.xcassets; sourceTree = "<group>"; };
		6D35D47EE9AC85F5D5168902 /* StoreManager.swift */ = {isa = PBXFileReference; lastKnownFileType = sourcecode.swift; path = StoreManager.swift; sourceTree = "<group>"; };
		6D436E2130DF078426BA524E /* ProgressRingView.swift */ = {isa = PBXFileReference; lastKnownFileType = sourcecode.swift; path = ProgressRingView.swift; sourceTree = "<group>"; };
		6DFE49686C08CBAC42D9B8FF /* HealthTimelineView.swift */ = {isa = PBXFileReference; lastKnownFileType = sourcecode.swift; path = HealthTimelineView.swift; sourceTree = "<group>"; };
		73C2801A5264314FE9618484 /* AppIntents.swift */ = {isa = PBXFileReference; lastKnownFileType = sourcecode.swift; path = AppIntents.swift; sourceTree = "<group>"; };
		776D47DCA004DDAF02CAB8B6 /* AquaLogWidgets.swift */ = {isa = PBXFileReference; lastKnownFileType = sourcecode.swift; path = AquaLogWidgets.swift; sourceTree = "<group>"; };
		81E6E0EBD29FB0EB8F728B43 /* AquaLogProducts.storekit */ = {isa = PBXFileReference; path = AquaLogProducts.storekit; sourceTree = "<group>"; };
		89E871455B238DD89D959FB0 /* AquaLogWatchApp.swift */ = {isa = PBXFileReference; lastKnownFileType = sourcecode.swift; path = AquaLogWatchApp.swift; sourceTree = "<group>"; };
		90121499B10BA08ED04135AA /* AquaLog.app */ = {isa = PBXFileReference; includeInIndex = 0; lastKnownFileType = wrapper.application; path = AquaLog.app; sourceTree = BUILT_PRODUCTS_DIR; };
		90670B485D1CBAFED402F220 /* NotificationManager.swift */ = {isa = PBXFileReference; lastKnownFileType = sourcecode.swift; path = NotificationManager.swift; sourceTree = "<group>"; };
		9D4BDBE5B71A50C55452C6AB /* CaffeineChartView.swift */ = {isa = PBXFileReference; lastKnownFileType = sourcecode.swift; path = CaffeineChartView.swift; sourceTree = "<group>"; };
		A13DD13E3D44AD5289BBACB4 /* WatchComplication.swift */ = {isa = PBXFileReference; lastKnownFileType = sourcecode.swift; path = WatchComplication.swift; sourceTree = "<group>"; };
		A1FC279B3A991685AACEA9FC /* BodyReportView.swift */ = {isa = PBXFileReference; lastKnownFileType = sourcecode.swift; path = BodyReportView.swift; sourceTree = "<group>"; };
		A3B3BDDEA251D1CD04DF93B0 /* AquaLogWidgets.entitlements */ = {isa = PBXFileReference; lastKnownFileType = text.plist.entitlements; path = AquaLogWidgets.entitlements; sourceTree = "<group>"; };
		A7CBF37C288A07CEFE86CAB6 /* MainTabView.swift */ = {isa = PBXFileReference; lastKnownFileType = sourcecode.swift; path = MainTabView.swift; sourceTree = "<group>"; };
		B3668D5CDDB24B7E4F7CAA1E /* CaffeineTracker.swift */ = {isa = PBXFileReference; lastKnownFileType = sourcecode.swift; path = CaffeineTracker.swift; sourceTree = "<group>"; };
		B3C38BFFDF4D6E0D32531805 /* NutrientDatabase.swift */ = {isa = PBXFileReference; lastKnownFileType = sourcecode.swift; path = NutrientDatabase.swift; sourceTree = "<group>"; };
		C25C5DB9F1469909C0CC79A5 /* PaywallView.swift */ = {isa = PBXFileReference; lastKnownFileType = sourcecode.swift; path = PaywallView.swift; sourceTree = "<group>"; };
		C76A5A52BFCE4ABA0B80F7FD /* LocationManager.swift */ = {isa = PBXFileReference; lastKnownFileType = sourcecode.swift; path = LocationManager.swift; sourceTree = "<group>"; };
		D0F48461C5B4006CD68A22CA /* LiveActivityView.swift */ = {isa = PBXFileReference; lastKnownFileType = sourcecode.swift; path = LiveActivityView.swift; sourceTree = "<group>"; };
		D1179426186CE2FE5744BD19 /* SmartOnboardingView.swift */ = {isa = PBXFileReference; lastKnownFileType = sourcecode.swift; path = SmartOnboardingView.swift; sourceTree = "<group>"; };
		D3F87397EA7062D4D54C48A6 /* WorkoutDetector.swift */ = {isa = PBXFileReference; lastKnownFileType = sourcecode.swift; path = WorkoutDetector.swift; sourceTree = "<group>"; };
		D89AE663BF55FEDA930C61E5 /* WatchDashboardView.swift */ = {isa = PBXFileReference; lastKnownFileType = sourcecode.swift; path = WatchDashboardView.swift; sourceTree = "<group>"; };
		DCFA46516E0E58240863BB78 /* HistoryView.swift */ = {isa = PBXFileReference; lastKnownFileType = sourcecode.swift; path = HistoryView.swift; sourceTree = "<group>"; };
		DF3D8719588488E415990128 /* DashboardView.swift */ = {isa = PBXFileReference; lastKnownFileType = sourcecode.swift; path = DashboardView.swift; sourceTree = "<group>"; };
		E4255F75E3F253988A61C89E /* BeverageType.swift */ = {isa = PBXFileReference; lastKnownFileType = sourcecode.swift; path = BeverageType.swift; sourceTree = "<group>"; };
		E92CA513C5C1672EBE49275E /* AlcoholCalculator.swift */ = {isa = PBXFileReference; lastKnownFileType = sourcecode.swift; path = AlcoholCalculator.swift; sourceTree = "<group>"; };
		EB46BA57C7E705C54DBC6C4B /* AlcoholImpactView.swift */ = {isa = PBXFileReference; lastKnownFileType = sourcecode.swift; path = AlcoholImpactView.swift; sourceTree = "<group>"; };
		EB560F03BACD80C0D809C2F5 /* WaterLog.swift */ = {isa = PBXFileReference; lastKnownFileType = sourcecode.swift; path = WaterLog.swift; sourceTree = "<group>"; };
		F58DA8F7DA6A3F47C400A399 /* ContentView.swift */ = {isa = PBXFileReference; lastKnownFileType = sourcecode.swift; path = ContentView.swift; sourceTree = "<group>"; };
		FAE36AFEACCB4338C3660E56 /* AddDrinkSheet.swift */ = {isa = PBXFileReference; lastKnownFileType = sourcecode.swift; path = AddDrinkSheet.swift; sourceTree = "<group>"; };
		FC69A2C29B6721F35DE99E64 /* HydrationCalculator.swift */ = {isa = PBXFileReference; lastKnownFileType = sourcecode.swift; path = HydrationCalculator.swift; sourceTree = "<group>"; };
		FD13ED4B4E8968E93EBF6720 /* ControlCenterWidget.swift */ = {isa = PBXFileReference; lastKnownFileType = sourcecode.swift; path = ControlCenterWidget.swift; sourceTree = "<group>"; };
/* End PBXFileReference section */

/* Begin PBXFrameworksBuildPhase section */
		AFA7A3CBD7FD6E2490D9CA89 /* Frameworks */ = {
			isa = PBXFrameworksBuildPhase;
			buildActionMask = 2147483647;
			files = (
				CDFCDA812C27E02EA7245535 /* RevenueCat in Frameworks */,
				61F5AE38388C36025589A732 /* Sentry in Frameworks */,
			);
			runOnlyForDeploymentPostprocessing = 0;
		};
/* End PBXFrameworksBuildPhase section */

/* Begin PBXGroup section */
		05832EB17BDEA1350D2A521D /* ViewModels */ = {
			isa = PBXGroup;
			children = (
				0D43B5A690DCD6FA0335EE4C /* DashboardViewModel.swift */,
			);
			path = ViewModels;
			sourceTree = "<group>";
		};
		08E79081FA65A6DAEDBA6083 /* Services */ = {
			isa = PBXGroup;
			children = (
				E92CA513C5C1672EBE49275E /* AlcoholCalculator.swift */,
				73C2801A5264314FE9618484 /* AppIntents.swift */,
				B3668D5CDDB24B7E4F7CAA1E /* CaffeineTracker.swift */,
				37AC61E8C4A6CE6B2F312BDE /* HealthInsightsGenerator.swift */,
				4F606B5C4053BE85EE9ACBDF /* HealthKitManager.swift */,
				FC69A2C29B6721F35DE99E64 /* HydrationCalculator.swift */,
				0EA2CB2E42A4931E328E9C59 /* LiveActivityManager.swift */,
				C76A5A52BFCE4ABA0B80F7FD /* LocationManager.swift */,
				90670B485D1CBAFED402F220 /* NotificationManager.swift */,
				B3C38BFFDF4D6E0D32531805 /* NutrientDatabase.swift */,
				008F689B1E1D75A79245C916 /* SmartNotificationManager.swift */,
				6D35D47EE9AC85F5D5168902 /* StoreManager.swift */,
				D3F87397EA7062D4D54C48A6 /* WorkoutDetector.swift */,
			);
			path = Services;
			sourceTree = "<group>";
		};
		1A278F6243B2F12EE8CCC425 /* Models */ = {
			isa = PBXGroup;
			children = (
				E4255F75E3F253988A61C89E /* BeverageType.swift */,
				05C080F5B7C740BCDD10D237 /* HydrationActivityAttributes.swift */,
				0330CD27B4E0CBDD5F7AEC1E /* UserSettings.swift */,
				EB560F03BACD80C0D809C2F5 /* WaterLog.swift */,
			);
			path = Models;
			sourceTree = "<group>";
		};
		22D88DA5A7059EA061A6282E = {
			isa = PBXGroup;
			children = (
				DD82C10EBC63049A250C4DB0 /* AquaLog */,
				BF41B29852E703DAE39250AF /* AquaLogTests */,
				519AE0E74626E5629EB78A6A /* AquaLogWatch */,
				8814EE038C6B1643BA5D34FD /* AquaLogWidgets */,
				751B657E43B257659C0393B9 /* Products */,
			);
			sourceTree = "<group>";
		};
		27C19337E7F4A81A38154C19 /* Resources */ = {
			isa = PBXGroup;
			children = (
				81E6E0EBD29FB0EB8F728B43 /* AquaLogProducts.storekit */,
				68BA50280346C28A7CA214CE /* Assets.xcassets */,
			);
			path = Resources;
			sourceTree = "<group>";
		};
		42C74E518854F268909BBCFB /* Components */ = {
			isa = PBXGroup;
			children = (
				6D436E2130DF078426BA524E /* ProgressRingView.swift */,
			);
			path = Components;
			sourceTree = "<group>";
		};
		519AE0E74626E5629EB78A6A /* AquaLogWatch */ = {
			isa = PBXGroup;
			children = (
				0D230203E43212733027A501 /* AquaLogWatch.entitlements */,
				89E871455B238DD89D959FB0 /* AquaLogWatchApp.swift */,
				A13DD13E3D44AD5289BBACB4 /* WatchComplication.swift */,
				D89AE663BF55FEDA930C61E5 /* WatchDashboardView.swift */,
			);
			path = AquaLogWatch;
			sourceTree = "<group>";
		};
		751B657E43B257659C0393B9 /* Products */ = {
			isa = PBXGroup;
			children = (
				90121499B10BA08ED04135AA /* AquaLog.app */,
				0423D4B89D58246292F7E910 /* AquaLogTests.xctest */,
				54AA9C6C77D0D2564744D580 /* AquaLogWatch.app */,
				2BC86B8BEE919810B3709BB4 /* AquaLogWatchWidgets.appex */,
				25C596B7FBB19FC597F404B9 /* AquaLogWidgets.appex */,
			);
			name = Products;
			sourceTree = "<group>";
		};
		78FAAD6926E4CB35E8CC2DF4 /* Paywall */ = {
			isa = PBXGroup;
			children = (
				C25C5DB9F1469909C0CC79A5 /* PaywallView.swift */,
			);
			path = Paywall;
			sourceTree = "<group>";
		};
		8814EE038C6B1643BA5D34FD /* AquaLogWidgets */ = {
			isa = PBXGroup;
			children = (
				A3B3BDDEA251D1CD04DF93B0 /* AquaLogWidgets.entitlements */,
				776D47DCA004DDAF02CAB8B6 /* AquaLogWidgets.swift */,
				FD13ED4B4E8968E93EBF6720 /* ControlCenterWidget.swift */,
				D0F48461C5B4006CD68A22CA /* LiveActivityView.swift */,
				453C45936C4E0A189C47D459 /* WidgetIntents.swift */,
			);
			path = AquaLogWidgets;
			sourceTree = "<group>";
		};
		B224AC2194FA2D12D0D5572F /* Onboarding */ = {
			isa = PBXGroup;
			children = (
				D1179426186CE2FE5744BD19 /* SmartOnboardingView.swift */,
			);
			path = Onboarding;
			sourceTree = "<group>";
		};
		BF41B29852E703DAE39250AF /* AquaLogTests */ = {
			isa = PBXGroup;
			children = (
				566C80672CD8B36E56731151 /* AquaLogTests.swift */,
			);
			path = AquaLogTests;
			sourceTree = "<group>";
		};
		CCB1DA3F9E6760F7C55B5F62 /* Views */ = {
			isa = PBXGroup;
			children = (
				FAE36AFEACCB4338C3660E56 /* AddDrinkSheet.swift */,
				EB46BA57C7E705C54DBC6C4B /* AlcoholImpactView.swift */,
				A1FC279B3A991685AACEA9FC /* BodyReportView.swift */,
				9D4BDBE5B71A50C55452C6AB /* CaffeineChartView.swift */,
				DF3D8719588488E415990128 /* DashboardView.swift */,
				6DFE49686C08CBAC42D9B8FF /* HealthTimelineView.swift */,
				DCFA46516E0E58240863BB78 /* HistoryView.swift */,
				1B636CACFD6ED38AEA545DDF /* SettingsView.swift */,
				42C74E518854F268909BBCFB /* Components */,
				EA4AFE36C3A9BB3B7570A25E /* Dashboard */,
				B224AC2194FA2D12D0D5572F /* Onboarding */,
				78FAAD6926E4CB35E8CC2DF4 /* Paywall */,
			);
			path = Views;
			sourceTree = "<group>";
		};
		DD82C10EBC63049A250C4DB0 /* AquaLog */ = {
			isa = PBXGroup;
			children = (
				29C1887140D0E0965FE40FAE /* AquaLog.entitlements */,
				65E6A9BF1FAB3402A4B13A03 /* AquaLogApp.swift */,
				F58DA8F7DA6A3F47C400A399 /* ContentView.swift */,
				EBC0C840C128994342ECC39A /* Extensions */,
				1A278F6243B2F12EE8CCC425 /* Models */,
				27C19337E7F4A81A38154C19 /* Resources */,
				08E79081FA65A6DAEDBA6083 /* Services */,
				05832EB17BDEA1350D2A521D /* ViewModels */,
				CCB1DA3F9E6760F7C55B5F62 /* Views */,
			);
			path = AquaLog;
			sourceTree = "<group>";
		};
		EA4AFE36C3A9BB3B7570A25E /* Dashboard */ = {
			isa = PBXGroup;
			children = (
				A7CBF37C288A07CEFE86CAB6 /* MainTabView.swift */,
			);
			path = Dashboard;
			sourceTree = "<group>";
		};
		EBC0C840C128994342ECC39A /* Extensions */ = {
			isa = PBXGroup;
			children = (
				34CC066C5ACA2DCFD6511793 /* Date+Helpers.swift */,
				52F8EEC484713383D827CB9B /* Int+Volume.swift */,
			);
			path = Extensions;
			sourceTree = "<group>";
		};
/* End PBXGroup section */

/* Begin PBXNativeTarget section */
		41699D7A276B06919BBFF27F /* AquaLog */ = {
			isa = PBXNativeTarget;
			buildConfigurationList = 618DC457283D951013D4C9A0 /* Build configuration list for PBXNativeTarget "AquaLog" */;
			buildPhases = (
				157E44B20723CF560B9AE5A8 /* Sources */,
				D112F43936BEBD09428B5523 /* Resources */,
				AFA7A3CBD7FD6E2490D9CA89 /* Frameworks */,
				D7F857F935619B6D844BC7A4 /* Embed Foundation Extensions */,
			);
			buildRules = (
			);
			dependencies = (
				63360677F7F4D5123E2C313A /* PBXTargetDependency */,
			);
			name = AquaLog;
			packageProductDependencies = (
				41F042F8C78110904EF0BA1B /* RevenueCat */,
				E2507ED1F4816055FD2C73AC /* Sentry */,
			);
			productName = AquaLog;
			productReference = 90121499B10BA08ED04135AA /* AquaLog.app */;
			productType = "com.apple.product-type.application";
		};
		5097985A7FE95CA3247CBB96 /* AquaLogWatchWidgets */ = {
			isa = PBXNativeTarget;
			buildConfigurationList = 9B1695655B1A075C4011EFEC /* Build configuration list for PBXNativeTarget "AquaLogWatchWidgets" */;
			buildPhases = (
				E7E459DC179F5433FB50D51C /* Sources */,
			);
			buildRules = (
			);
			dependencies = (
			);
			name = AquaLogWatchWidgets;
			packageProductDependencies = (
			);
			productName = AquaLogWatchWidgets;
			productReference = 2BC86B8BEE919810B3709BB4 /* AquaLogWatchWidgets.appex */;
			productType = "com.apple.product-type.app-extension";
		};
		6473B6658C461B601ACED750 /* AquaLogTests */ = {
			isa = PBXNativeTarget;
			buildConfigurationList = ADB0A6161C46E505DE4D85CC /* Build configuration list for PBXNativeTarget "AquaLogTests" */;
			buildPhases = (
				0223D5C901D01DFB199B21FB /* Sources */,
			);
			buildRules = (
			);
			dependencies = (
				D33945DC32798712D843F87E /* PBXTargetDependency */,
			);
			name = AquaLogTests;
			packageProductDependencies = (
			);
			productName = AquaLogTests;
			productReference = 0423D4B89D58246292F7E910 /* AquaLogTests.xctest */;
			productType = "com.apple.product-type.bundle.unit-test";
		};
		6C46F2872200B344EABA7B3C /* AquaLogWatch */ = {
			isa = PBXNativeTarget;
			buildConfigurationList = E6EF78CDA6F3304BB409A1BF /* Build configuration list for PBXNativeTarget "AquaLogWatch" */;
			buildPhases = (
				83F1CC9D731BEA878C448DC2 /* Sources */,
			);
			buildRules = (
			);
			dependencies = (
			);
			name = AquaLogWatch;
			packageProductDependencies = (
			);
			productName = AquaLogWatch;
			productReference = 54AA9C6C77D0D2564744D580 /* AquaLogWatch.app */;
			productType = "com.apple.product-type.application";
		};
		7387F523ED3936426CC2EE7B /* AquaLogWidgets */ = {
			isa = PBXNativeTarget;
			buildConfigurationList = 36322589B6D91D272F73A40C /* Build configuration list for PBXNativeTarget "AquaLogWidgets" */;
			buildPhases = (
				5E4DCDEB60663D5F6F0B0734 /* Sources */,
			);
			buildRules = (
			);
			dependencies = (
			);
			name = AquaLogWidgets;
			packageProductDependencies = (
			);
			productName = AquaLogWidgets;
			productReference = 25C596B7FBB19FC597F404B9 /* AquaLogWidgets.appex */;
			productType = "com.apple.product-type.app-extension";
		};
/* End PBXNativeTarget section */

/* Begin PBXProject section */
		F709EF9571E18A0ADD33BA96 /* Project object */ = {
			isa = PBXProject;
			attributes = {
				BuildIndependentTargetsInParallel = YES;
				LastUpgradeCheck = 1430;
				TargetAttributes = {
					41699D7A276B06919BBFF27F = {
						ProvisioningStyle = Automatic;
					};
					5097985A7FE95CA3247CBB96 = {
						ProvisioningStyle = Automatic;
					};
					6473B6658C461B601ACED750 = {
						ProvisioningStyle = Automatic;
					};
					6C46F2872200B344EABA7B3C = {
						ProvisioningStyle = Automatic;
					};
					7387F523ED3936426CC2EE7B = {
						ProvisioningStyle = Automatic;
					};
				};
			};
			buildConfigurationList = 8CF6DB8DC20CB5E127BF5C27 /* Build configuration list for PBXProject "AquaLog" */;
			developmentRegion = en;
			hasScannedForEncodings = 0;
			knownRegions = (
				Base,
				en,
			);
			mainGroup = 22D88DA5A7059EA061A6282E;
			minimizedProjectReferenceProxies = 1;
			packageReferences = (
				28253A14BFF4BB47721A5555 /* XCRemoteSwiftPackageReference "purchases-ios-spm" */,
				100397B6B8CD08D3B0026F8F /* XCRemoteSwiftPackageReference "sentry-cocoa" */,
			);
			preferredProjectObjectVersion = 77;
			productRefGroup = 751B657E43B257659C0393B9 /* Products */;
			projectDirPath = "";
			projectRoot = "";
			targets = (
				41699D7A276B06919BBFF27F /* AquaLog */,
				6473B6658C461B601ACED750 /* AquaLogTests */,
				6C46F2872200B344EABA7B3C /* AquaLogWatch */,
				5097985A7FE95CA3247CBB96 /* AquaLogWatchWidgets */,
				7387F523ED3936426CC2EE7B /* AquaLogWidgets */,
			);
		};
/* End PBXProject section */

/* Begin PBXResourcesBuildPhase section */
		D112F43936BEBD09428B5523 /* Resources */ = {
			isa = PBXResourcesBuildPhase;
			buildActionMask = 2147483647;
			files = (
				8570A3BE6C5C285F7350463C /* AquaLogProducts.storekit in Resources */,
				C30E67E673AA3AFF1FB150EF /* Assets.xcassets in Resources */,
			);
			runOnlyForDeploymentPostprocessing = 0;
		};
/* End PBXResourcesBuildPhase section */

/* Begin PBXSourcesBuildPhase section */
		0223D5C901D01DFB199B21FB /* Sources */ = {
			isa = PBXSourcesBuildPhase;
			buildActionMask = 2147483647;
			files = (
				13F9A65F04F12AF05C529637 /* AquaLogTests.swift in Sources */,
			);
			runOnlyForDeploymentPostprocessing = 0;
		};
		157E44B20723CF560B9AE5A8 /* Sources */ = {
			isa = PBXSourcesBuildPhase;
			buildActionMask = 2147483647;
			files = (
				A56275120CB1F3D357D3CE63 /* AddDrinkSheet.swift in Sources */,
				17C59D42EC0157AF6C606C3B /* AlcoholCalculator.swift in Sources */,
				37E88C921C3550581C4BB53B /* AlcoholImpactView.swift in Sources */,
				1D5B4E548A38C0B0364901ED /* AppIntents.swift in Sources */,
				D9BA1DB62AF091A3256A47AA /* AquaLogApp.swift in Sources */,
				19A6864A211B897C731D93E8 /* BeverageType.swift in Sources */,
				2A5D019B2181BA08368C9CA7 /* BodyReportView.swift in Sources */,
				DB51FC741D5EAADB17154DD8 /* CaffeineChartView.swift in Sources */,
				B58E8307B2F7076A1833C30E /* CaffeineTracker.swift in Sources */,
				69C069891D05A9D355E37E15 /* ContentView.swift in Sources */,
				4F8136DA6E8F604794B1CBDF /* DashboardView.swift in Sources */,
				33A1C6CAEEED7B8823F4C2AE /* DashboardViewModel.swift in Sources */,
				09C50544F4C0314E18C9DCDD /* Date+Helpers.swift in Sources */,
				C0A6205BC8DE649EA0668DA0 /* HealthInsightsGenerator.swift in Sources */,
				151349D47D4907B5F9E4AA1C /* HealthKitManager.swift in Sources */,
				A20A7EA73F2A87FCC88458A7 /* HealthTimelineView.swift in Sources */,
				95AE59D96E1596E0496626BC /* HistoryView.swift in Sources */,
				8E1650F20169ACFDE2F9A519 /* HydrationActivityAttributes.swift in Sources */,
				17DD844AAFC074CEE60CB2BC /* HydrationCalculator.swift in Sources */,
				AE3DCCA12E93A273AEEF965C /* Int+Volume.swift in Sources */,
				1852E109B7F32B3899CFAAD7 /* LiveActivityManager.swift in Sources */,
				D654C276BCE1149A5570DB84 /* LocationManager.swift in Sources */,
				02D70E19D7CBF1D7FF1D4E67 /* MainTabView.swift in Sources */,
				BC575D1F8E7FA919A39907B8 /* NotificationManager.swift in Sources */,
				BC836DB20A4CF11ADDED039A /* NutrientDatabase.swift in Sources */,
				8C497653BB4A35555C94DF06 /* PaywallView.swift in Sources */,
				711B82AECE5F4DB82F2430B1 /* ProgressRingView.swift in Sources */,
				FC3D16B9667CCF6E28D71751 /* SettingsView.swift in Sources */,
				6ED7CD5021051E030CFA1F15 /* SmartNotificationManager.swift in Sources */,
				5A8C3EAA5EA77601AB0A6136 /* SmartOnboardingView.swift in Sources */,
				4C30CEF5AA2B58D898211286 /* StoreManager.swift in Sources */,
				EEAD80BE5A296C5C3C41B365 /* UserSettings.swift in Sources */,
				324B2CF77A9B770EC99190DF /* WaterLog.swift in Sources */,
				458E4C86FA7A5CF87814CD78 /* WorkoutDetector.swift in Sources */,
			);
			runOnlyForDeploymentPostprocessing = 0;
		};
		5E4DCDEB60663D5F6F0B0734 /* Sources */ = {
			isa = PBXSourcesBuildPhase;
			buildActionMask = 2147483647;
			files = (
				099937A8B2D547E8D077900B /* AquaLogWidgets.swift in Sources */,
				09D8A47FA91A374E1E2152C6 /* ControlCenterWidget.swift in Sources */,
				1E57BADB2CDE12159C1B3BE3 /* HydrationActivityAttributes.swift in Sources */,
				D41271D63EFD7F7B62CF3942 /* LiveActivityView.swift in Sources */,
				3B67898E3F9432F792ECCC40 /* WidgetIntents.swift in Sources */,
			);
			runOnlyForDeploymentPostprocessing = 0;
		};
		83F1CC9D731BEA878C448DC2 /* Sources */ = {
			isa = PBXSourcesBuildPhase;
			buildActionMask = 2147483647;
			files = (
				89E1D4E1A17425202A16C2E0 /* AquaLogWatchApp.swift in Sources */,
				51231938EC2092C8BA8BE552 /* WatchDashboardView.swift in Sources */,
			);
			runOnlyForDeploymentPostprocessing = 0;
		};
		E7E459DC179F5433FB50D51C /* Sources */ = {
			isa = PBXSourcesBuildPhase;
			buildActionMask = 2147483647;
			files = (
				12D4E88F43340184FAEEEE56 /* WatchComplication.swift in Sources */,
				47A49858B38166CB9A38811C /* WatchDashboardView.swift in Sources */,
			);
			runOnlyForDeploymentPostprocessing = 0;
		};
/* End PBXSourcesBuildPhase section */

/* Begin PBXTargetDependency section */
		63360677F7F4D5123E2C313A /* PBXTargetDependency */ = {
			isa = PBXTargetDependency;
			target = 7387F523ED3936426CC2EE7B /* AquaLogWidgets */;
			targetProxy = CEB26B783E055F314C14D088 /* PBXContainerItemProxy */;
		};
		D33945DC32798712D843F87E /* PBXTargetDependency */ = {
			isa = PBXTargetDependency;
			target = 41699D7A276B06919BBFF27F /* AquaLog */;
			targetProxy = 2BE60DF453D8974C175DAA28 /* PBXContainerItemProxy */;
		};
/* End PBXTargetDependency section */

/* Begin XCBuildConfiguration section */
		2CE7B7C6DCA449CB61106CAD /* Debug */ = {
			isa = XCBuildConfiguration;
			buildSettings = {
				CODE_SIGN_ENTITLEMENTS = AquaLogWatch/AquaLogWatch.entitlements;
				CODE_SIGN_STYLE = Automatic;
				CURRENT_PROJECT_VERSION = 1;
				GENERATE_INFOPLIST_FILE = YES;
				INFOPLIST_KEY_NSExtension_NSExtensionPointIdentifier = "com.apple.widgetkit-extension";
				LD_RUNPATH_SEARCH_PATHS = (
					"$(inherited)",
					"@executable_path/Frameworks",
					"@executable_path/../../Frameworks",
				);
				MARKETING_VERSION = 1.0.0;
				PRODUCT_BUNDLE_IDENTIFIER = com.anadolu898.aqualog.watch.widgets;
				SDKROOT = watchos;
				SKIP_INSTALL = YES;
				TARGETED_DEVICE_FAMILY = 4;
			};
			name = Debug;
		};
		327F595619C2D993C29C7985 /* Release */ = {
			isa = XCBuildConfiguration;
			buildSettings = {
				ALWAYS_SEARCH_USER_PATHS = NO;
				CLANG_ANALYZER_NONNULL = YES;
				CLANG_ANALYZER_NUMBER_OBJECT_CONVERSION = YES_AGGRESSIVE;
				CLANG_CXX_LANGUAGE_STANDARD = "gnu++14";
				CLANG_CXX_LIBRARY = "libc++";
				CLANG_ENABLE_MODULES = YES;
				CLANG_ENABLE_OBJC_ARC = YES;
				CLANG_ENABLE_OBJC_WEAK = YES;
				CLANG_WARN_BLOCK_CAPTURE_AUTORELEASING = YES;
				CLANG_WARN_BOOL_CONVERSION = YES;
				CLANG_WARN_COMMA = YES;
				CLANG_WARN_CONSTANT_CONVERSION = YES;
				CLANG_WARN_DEPRECATED_OBJC_IMPLEMENTATIONS = YES;
				CLANG_WARN_DIRECT_OBJC_ISA_USAGE = YES_ERROR;
				CLANG_WARN_DOCUMENTATION_COMMENTS = YES;
				CLANG_WARN_EMPTY_BODY = YES;
				CLANG_WARN_ENUM_CONVERSION = YES;
				CLANG_WARN_INFINITE_RECURSION = YES;
				CLANG_WARN_INT_CONVERSION = YES;
				CLANG_WARN_NON_LITERAL_NULL_CONVERSION = YES;
				CLANG_WARN_OBJC_IMPLICIT_RETAIN_SELF = YES;
				CLANG_WARN_OBJC_LITERAL_CONVERSION = YES;
				CLANG_WARN_OBJC_ROOT_CLASS = YES_ERROR;
				CLANG_WARN_QUOTED_INCLUDE_IN_FRAMEWORK_HEADER = YES;
				CLANG_WARN_RANGE_LOOP_ANALYSIS = YES;
				CLANG_WARN_STRICT_PROTOTYPES = YES;
				CLANG_WARN_SUSPICIOUS_MOVE = YES;
				CLANG_WARN_UNGUARDED_AVAILABILITY = YES_AGGRESSIVE;
				CLANG_WARN_UNREACHABLE_CODE = YES;
				CLANG_WARN__DUPLICATE_METHOD_MATCH = YES;
				COPY_PHASE_STRIP = NO;
				DEBUG_INFORMATION_FORMAT = "dwarf-with-dsym";
				ENABLE_NS_ASSERTIONS = NO;
				ENABLE_STRICT_OBJC_MSGSEND = YES;
				GCC_C_LANGUAGE_STANDARD = gnu11;
				GCC_NO_COMMON_BLOCKS = YES;
				GCC_WARN_64_TO_32_BIT_CONVERSION = YES;
				GCC_WARN_ABOUT_RETURN_TYPE = YES_ERROR;
				GCC_WARN_UNDECLARED_SELECTOR = YES;
				GCC_WARN_UNINITIALIZED_AUTOS = YES_AGGRESSIVE;
				GCC_WARN_UNUSED_FUNCTION = YES;
				GCC_WARN_UNUSED_VARIABLE = YES;
				IPHONEOS_DEPLOYMENT_TARGET = 18.0;
				MTL_ENABLE_DEBUG_INFO = NO;
				MTL_FAST_MATH = YES;
				PRODUCT_NAME = "$(TARGET_NAME)";
				SWIFT_COMPILATION_MODE = wholemodule;
				SWIFT_OPTIMIZATION_LEVEL = "-O";
				SWIFT_STRICT_CONCURRENCY = complete;
				SWIFT_VERSION = 6.0;
				WATCHOS_DEPLOYMENT_TARGET = 11.0;
			};
			name = Release;
		};
		46A4A317D5C2D6C827C019C6 /* Debug */ = {
			isa = XCBuildConfiguration;
			buildSettings = {
				ALWAYS_SEARCH_USER_PATHS = NO;
				CLANG_ANALYZER_NONNULL = YES;
				CLANG_ANALYZER_NUMBER_OBJECT_CONVERSION = YES_AGGRESSIVE;
				CLANG_CXX_LANGUAGE_STANDARD = "gnu++14";
				CLANG_CXX_LIBRARY = "libc++";
				CLANG_ENABLE_MODULES = YES;
				CLANG_ENABLE_OBJC_ARC = YES;
				CLANG_ENABLE_OBJC_WEAK = YES;
				CLANG_WARN_BLOCK_CAPTURE_AUTORELEASING = YES;
				CLANG_WARN_BOOL_CONVERSION = YES;
				CLANG_WARN_COMMA = YES;
				CLANG_WARN_CONSTANT_CONVERSION = YES;
				CLANG_WARN_DEPRECATED_OBJC_IMPLEMENTATIONS = YES;
				CLANG_WARN_DIRECT_OBJC_ISA_USAGE = YES_ERROR;
				CLANG_WARN_DOCUMENTATION_COMMENTS = YES;
				CLANG_WARN_EMPTY_BODY = YES;
				CLANG_WARN_ENUM_CONVERSION = YES;
				CLANG_WARN_INFINITE_RECURSION = YES;
				CLANG_WARN_INT_CONVERSION = YES;
				CLANG_WARN_NON_LITERAL_NULL_CONVERSION = YES;
				CLANG_WARN_OBJC_IMPLICIT_RETAIN_SELF = YES;
				CLANG_WARN_OBJC_LITERAL_CONVERSION = YES;
				CLANG_WARN_OBJC_ROOT_CLASS = YES_ERROR;
				CLANG_WARN_QUOTED_INCLUDE_IN_FRAMEWORK_HEADER = YES;
				CLANG_WARN_RANGE_LOOP_ANALYSIS = YES;
				CLANG_WARN_STRICT_PROTOTYPES = YES;
				CLANG_WARN_SUSPICIOUS_MOVE = YES;
				CLANG_WARN_UNGUARDED_AVAILABILITY = YES_AGGRESSIVE;
				CLANG_WARN_UNREACHABLE_CODE = YES;
				CLANG_WARN__DUPLICATE_METHOD_MATCH = YES;
				COPY_PHASE_STRIP = NO;
				DEBUG_INFORMATION_FORMAT = dwarf;
				ENABLE_STRICT_OBJC_MSGSEND = YES;
				ENABLE_TESTABILITY = YES;
				GCC_C_LANGUAGE_STANDARD = gnu11;
				GCC_DYNAMIC_NO_PIC = NO;
				GCC_NO_COMMON_BLOCKS = YES;
				GCC_OPTIMIZATION_LEVEL = 0;
				GCC_PREPROCESSOR_DEFINITIONS = (
					"$(inherited)",
					"DEBUG=1",
				);
				GCC_WARN_64_TO_32_BIT_CONVERSION = YES;
				GCC_WARN_ABOUT_RETURN_TYPE = YES_ERROR;
				GCC_WARN_UNDECLARED_SELECTOR = YES;
				GCC_WARN_UNINITIALIZED_AUTOS = YES_AGGRESSIVE;
				GCC_WARN_UNUSED_FUNCTION = YES;
				GCC_WARN_UNUSED_VARIABLE = YES;
				IPHONEOS_DEPLOYMENT_TARGET = 18.0;
				MTL_ENABLE_DEBUG_INFO = INCLUDE_SOURCE;
				MTL_FAST_MATH = YES;
				ONLY_ACTIVE_ARCH = YES;
				PRODUCT_NAME = "$(TARGET_NAME)";
				SWIFT_ACTIVE_COMPILATION_CONDITIONS = DEBUG;
				SWIFT_OPTIMIZATION_LEVEL = "-Onone";
				SWIFT_STRICT_CONCURRENCY = complete;
				SWIFT_VERSION = 6.0;
				WATCHOS_DEPLOYMENT_TARGET = 11.0;
			};
			name = Debug;
		};
		519FD7CBC7B883A7B14B5D03 /* Release */ = {
			isa = XCBuildConfiguration;
			buildSettings = {
				CODE_SIGN_ENTITLEMENTS = AquaLogWidgets/AquaLogWidgets.entitlements;
				CODE_SIGN_STYLE = Automatic;
				CURRENT_PROJECT_VERSION = 1;
				GENERATE_INFOPLIST_FILE = NO;
				INFOPLIST_FILE = AquaLogWidgets/Info.plist;
				INFOPLIST_KEY_CFBundleDisplayName = "AquaLog Widgets";
				LD_RUNPATH_SEARCH_PATHS = (
					"$(inherited)",
					"@executable_path/Frameworks",
					"@executable_path/../../Frameworks",
				);
				MARKETING_VERSION = 1.0.0;
				PRODUCT_BUNDLE_IDENTIFIER = com.anadolu898.aqualog.widgets;
				SDKROOT = iphoneos;
				TARGETED_DEVICE_FAMILY = "1,2";
			};
			name = Release;
		};
		5BE2F25AD63487CD1B5E3B9E /* Debug */ = {
			isa = XCBuildConfiguration;
			buildSettings = {
				CODE_SIGN_ENTITLEMENTS = AquaLogWidgets/AquaLogWidgets.entitlements;
				CODE_SIGN_STYLE = Automatic;
				CURRENT_PROJECT_VERSION = 1;
				GENERATE_INFOPLIST_FILE = NO;
				INFOPLIST_FILE = AquaLogWidgets/Info.plist;
				INFOPLIST_KEY_CFBundleDisplayName = "AquaLog Widgets";
				LD_RUNPATH_SEARCH_PATHS = (
					"$(inherited)",
					"@executable_path/Frameworks",
					"@executable_path/../../Frameworks",
				);
				MARKETING_VERSION = 1.0.0;
				PRODUCT_BUNDLE_IDENTIFIER = com.anadolu898.aqualog.widgets;
				SDKROOT = iphoneos;
				TARGETED_DEVICE_FAMILY = "1,2";
			};
			name = Debug;
		};
		6671269F25AFB4FC1B515167 /* Debug */ = {
			isa = XCBuildConfiguration;
			buildSettings = {
				ASSETCATALOG_COMPILER_APPICON_NAME = AppIcon;
				ASSETCATALOG_COMPILER_GLOBAL_ACCENT_COLOR_NAME = AccentColor;
				CODE_SIGN_ENTITLEMENTS = AquaLog/AquaLog.entitlements;
				CODE_SIGN_IDENTITY = "iPhone Developer";
				CODE_SIGN_STYLE = Automatic;
				CURRENT_PROJECT_VERSION = 1;
				DEVELOPMENT_ASSET_PATHS = "\"AquaLog/Preview Content\"";
				ENABLE_PREVIEWS = YES;
				GENERATE_INFOPLIST_FILE = YES;
				INFOPLIST_KEY_CFBundleDisplayName = AquaLog;
				INFOPLIST_KEY_NSHealthShareUsageDescription = "AquaLog reads your water intake and workout data to personalize hydration goals and suggest extra water after exercise.";
				INFOPLIST_KEY_NSHealthUpdateUsageDescription = "AquaLog saves your water intake to Apple Health so all your health data stays in one place.";
				INFOPLIST_KEY_NSLocationWhenInUseUsageDescription = "AquaLog checks your local weather to adjust your daily hydration goal for hot or humid conditions.";
				INFOPLIST_KEY_UIApplicationSceneManifest_Generation = YES;
				INFOPLIST_KEY_UIApplicationSupportsIndirectInputEvents = YES;
				INFOPLIST_KEY_UILaunchScreen_Generation = YES;
				ITSAppUsesNonExemptEncryption = NO;
				LD_RUNPATH_SEARCH_PATHS = (
					"$(inherited)",
					"@executable_path/Frameworks",
				);
				MARKETING_VERSION = 1.0.0;
				NSSupportsLiveActivities = YES;
				PRODUCT_BUNDLE_IDENTIFIER = com.anadolu898.aqualog;
				SDKROOT = iphoneos;
				TARGETED_DEVICE_FAMILY = "1,2";
			};
			name = Debug;
		};
		BA8FFC0559E0FBAA7C6F678B /* Debug */ = {
			isa = XCBuildConfiguration;
			buildSettings = {
				ASSETCATALOG_COMPILER_APPICON_NAME = AppIcon;
				CODE_SIGN_ENTITLEMENTS = AquaLogWatch/AquaLogWatch.entitlements;
				CODE_SIGN_STYLE = Automatic;
				CURRENT_PROJECT_VERSION = 1;
				GENERATE_INFOPLIST_FILE = YES;
				INFOPLIST_KEY_WKCompanionAppBundleIdentifier = com.anadolu898.aqualog;
				MARKETING_VERSION = 1.0.0;
				PRODUCT_BUNDLE_IDENTIFIER = com.anadolu898.aqualog.watch;
				SDKROOT = watchos;
				SKIP_INSTALL = YES;
				TARGETED_DEVICE_FAMILY = 4;
			};
			name = Debug;
		};
		BB32459E6C707147CDC82CFF /* Debug */ = {
			isa = XCBuildConfiguration;
			buildSettings = {
				BUNDLE_LOADER = "$(TEST_HOST)";
				CODE_SIGN_STYLE = Automatic;
				GENERATE_INFOPLIST_FILE = YES;
				LD_RUNPATH_SEARCH_PATHS = (
					"$(inherited)",
					"@executable_path/Frameworks",
					"@loader_path/Frameworks",
				);
				PRODUCT_BUNDLE_IDENTIFIER = com.anadolu898.aqualog.tests;
				SDKROOT = iphoneos;
				TARGETED_DEVICE_FAMILY = "1,2";
				TEST_HOST = "$(BUILT_PRODUCTS_DIR)/AquaLog.app/AquaLog";
			};
			name = Debug;
		};
		BB88E318C66AA98FC78DB975 /* Release */ = {
			isa = XCBuildConfiguration;
			buildSettings = {
				ASSETCATALOG_COMPILER_APPICON_NAME = AppIcon;
				ASSETCATALOG_COMPILER_GLOBAL_ACCENT_COLOR_NAME = AccentColor;
				CODE_SIGN_ENTITLEMENTS = AquaLog/AquaLog.entitlements;
				CODE_SIGN_IDENTITY = "iPhone Developer";
				CODE_SIGN_STYLE = Automatic;
				CURRENT_PROJECT_VERSION = 1;
				DEVELOPMENT_ASSET_PATHS = "\"AquaLog/Preview Content\"";
				ENABLE_PREVIEWS = YES;
				GENERATE_INFOPLIST_FILE = YES;
				INFOPLIST_KEY_CFBundleDisplayName = AquaLog;
				INFOPLIST_KEY_NSHealthShareUsageDescription = "AquaLog reads your water intake and workout data to personalize hydration goals and suggest extra water after exercise.";
				INFOPLIST_KEY_NSHealthUpdateUsageDescription = "AquaLog saves your water intake to Apple Health so all your health data stays in one place.";
				INFOPLIST_KEY_NSLocationWhenInUseUsageDescription = "AquaLog checks your local weather to adjust your daily hydration goal for hot or humid conditions.";
				INFOPLIST_KEY_UIApplicationSceneManifest_Generation = YES;
				INFOPLIST_KEY_UIApplicationSupportsIndirectInputEvents = YES;
				INFOPLIST_KEY_UILaunchScreen_Generation = YES;
				ITSAppUsesNonExemptEncryption = NO;
				LD_RUNPATH_SEARCH_PATHS = (
					"$(inherited)",
					"@executable_path/Frameworks",
				);
				MARKETING_VERSION = 1.0.0;
				NSSupportsLiveActivities = YES;
				PRODUCT_BUNDLE_IDENTIFIER = com.anadolu898.aqualog;
				SDKROOT = iphoneos;
				TARGETED_DEVICE_FAMILY = "1,2";
			};
			name = Release;
		};
		BD1D6E79716C0C3C606978FD /* Release */ = {
			isa = XCBuildConfiguration;
			buildSettings = {
				ASSETCATALOG_COMPILER_APPICON_NAME = AppIcon;
				CODE_SIGN_ENTITLEMENTS = AquaLogWatch/AquaLogWatch.entitlements;
				CODE_SIGN_STYLE = Automatic;
				CURRENT_PROJECT_VERSION = 1;
				GENERATE_INFOPLIST_FILE = YES;
				INFOPLIST_KEY_WKCompanionAppBundleIdentifier = com.anadolu898.aqualog;
				MARKETING_VERSION = 1.0.0;
				PRODUCT_BUNDLE_IDENTIFIER = com.anadolu898.aqualog.watch;
				SDKROOT = watchos;
				SKIP_INSTALL = YES;
				TARGETED_DEVICE_FAMILY = 4;
			};
			name = Release;
		};
		DEBD51A171CBCD7F34B9AF6A /* Release */ = {
			isa = XCBuildConfiguration;
			buildSettings = {
				CODE_SIGN_ENTITLEMENTS = AquaLogWatch/AquaLogWatch.entitlements;
				CODE_SIGN_STYLE = Automatic;
				CURRENT_PROJECT_VERSION = 1;
				GENERATE_INFOPLIST_FILE = YES;
				INFOPLIST_KEY_NSExtension_NSExtensionPointIdentifier = "com.apple.widgetkit-extension";
				LD_RUNPATH_SEARCH_PATHS = (
					"$(inherited)",
					"@executable_path/Frameworks",
					"@executable_path/../../Frameworks",
				);
				MARKETING_VERSION = 1.0.0;
				PRODUCT_BUNDLE_IDENTIFIER = com.anadolu898.aqualog.watch.widgets;
				SDKROOT = watchos;
				SKIP_INSTALL = YES;
				TARGETED_DEVICE_FAMILY = 4;
			};
			name = Release;
		};
		EBC7C52483D91BFF246F528C /* Release */ = {
			isa = XCBuildConfiguration;
			buildSettings = {
				BUNDLE_LOADER = "$(TEST_HOST)";
				CODE_SIGN_STYLE = Automatic;
				GENERATE_INFOPLIST_FILE = YES;
				LD_RUNPATH_SEARCH_PATHS = (
					"$(inherited)",
					"@executable_path/Frameworks",
					"@loader_path/Frameworks",
				);
				PRODUCT_BUNDLE_IDENTIFIER = com.anadolu898.aqualog.tests;
				SDKROOT = iphoneos;
				TARGETED_DEVICE_FAMILY = "1,2";
				TEST_HOST = "$(BUILT_PRODUCTS_DIR)/AquaLog.app/AquaLog";
			};
			name = Release;
		};
/* End XCBuildConfiguration section */

/* Begin XCConfigurationList section */
		36322589B6D91D272F73A40C /* Build configuration list for PBXNativeTarget "AquaLogWidgets" */ = {
			isa = XCConfigurationList;
			buildConfigurations = (
				5BE2F25AD63487CD1B5E3B9E /* Debug */,
				519FD7CBC7B883A7B14B5D03 /* Release */,
			);
			defaultConfigurationIsVisible = 0;
			defaultConfigurationName = Debug;
		};
		618DC457283D951013D4C9A0 /* Build configuration list for PBXNativeTarget "AquaLog" */ = {
			isa = XCConfigurationList;
			buildConfigurations = (
				6671269F25AFB4FC1B515167 /* Debug */,
				BB88E318C66AA98FC78DB975 /* Release */,
			);
			defaultConfigurationIsVisible = 0;
			defaultConfigurationName = Debug;
		};
		8CF6DB8DC20CB5E127BF5C27 /* Build configuration list for PBXProject "AquaLog" */ = {
			isa = XCConfigurationList;
			buildConfigurations = (
				46A4A317D5C2D6C827C019C6 /* Debug */,
				327F595619C2D993C29C7985 /* Release */,
			);
			defaultConfigurationIsVisible = 0;
			defaultConfigurationName = Debug;
		};
		9B1695655B1A075C4011EFEC /* Build configuration list for PBXNativeTarget "AquaLogWatchWidgets" */ = {
			isa = XCConfigurationList;
			buildConfigurations = (
				2CE7B7C6DCA449CB61106CAD /* Debug */,
				DEBD51A171CBCD7F34B9AF6A /* Release */,
			);
			defaultConfigurationIsVisible = 0;
			defaultConfigurationName = Debug;
		};
		ADB0A6161C46E505DE4D85CC /* Build configuration list for PBXNativeTarget "AquaLogTests" */ = {
			isa = XCConfigurationList;
			buildConfigurations = (
				BB32459E6C707147CDC82CFF /* Debug */,
				EBC7C52483D91BFF246F528C /* Release */,
			);
			defaultConfigurationIsVisible = 0;
			defaultConfigurationName = Debug;
		};
		E6EF78CDA6F3304BB409A1BF /* Build configuration list for PBXNativeTarget "AquaLogWatch" */ = {
			isa = XCConfigurationList;
			buildConfigurations = (
				BA8FFC0559E0FBAA7C6F678B /* Debug */,
				BD1D6E79716C0C3C606978FD /* Release */,
			);
			defaultConfigurationIsVisible = 0;
			defaultConfigurationName = Debug;
		};
/* End XCConfigurationList section */

/* Begin XCRemoteSwiftPackageReference section */
		100397B6B8CD08D3B0026F8F /* XCRemoteSwiftPackageReference "sentry-cocoa" */ = {
			isa = XCRemoteSwiftPackageReference;
			repositoryURL = "https://github.com/getsentry/sentry-cocoa.git";
			requirement = {
				kind = upToNextMajorVersion;
				minimumVersion = 8.0.0;
			};
		};
		28253A14BFF4BB47721A5555 /* XCRemoteSwiftPackageReference "purchases-ios-spm" */ = {
			isa = XCRemoteSwiftPackageReference;
			repositoryURL = "https://github.com/RevenueCat/purchases-ios-spm.git";
			requirement = {
				kind = upToNextMajorVersion;
				minimumVersion = 5.0.0;
			};
		};
/* End XCRemoteSwiftPackageReference section */

/* Begin XCSwiftPackageProductDependency section */
		41F042F8C78110904EF0BA1B /* RevenueCat */ = {
			isa = XCSwiftPackageProductDependency;
			package = 28253A14BFF4BB47721A5555 /* XCRemoteSwiftPackageReference "purchases-ios-spm" */;
			productName = RevenueCat;
		};
		E2507ED1F4816055FD2C73AC /* Sentry */ = {
			isa = XCSwiftPackageProductDependency;
			package = 100397B6B8CD08D3B0026F8F /* XCRemoteSwiftPackageReference "sentry-cocoa" */;
			productName = Sentry;
		};
/* End XCSwiftPackageProductDependency section */
	};
	rootObject = F709EF9571E18A0ADD33BA96 /* Project object */;
}
